
Microsoft Visual Studio Solution File, Format Version 12.00
# Visual Studio 15
VisualStudioVersion = 15.0.28307.539
MinimumVisualStudioVersion = 10.0.40219.1
Project("{FAE04EC0-301F-11D3-BF4B-00C04F79EFBC}") = "EZNEW.Develop", "EZNEW.Develop\EZNEW.Develop.csproj", "{7D737005-560F-403D-BEAD-8EB25DCAD5BB}"
EndProject
Global
	GlobalSection(SolutionConfigurationPlatforms) = preSolution
		Debug|Any CPU = Debug|Any CPU
		Release|Any CPU = Release|Any CPU
	EndGlobalSection
	GlobalSection(ProjectConfigurationPlatforms) = postSolution
		{7D737005-560F-403D-BEAD-8EB25DCAD5BB}.Debug|Any CPU.ActiveCfg = Debug|Any CPU
		{7D737005-560F-403D-BEAD-8EB25DCAD5BB}.Debug|Any CPU.Build.0 = Debug|Any CPU
		{7D737005-560F-403D-BEAD-8EB25DCAD5BB}.Release|Any CPU.ActiveCfg = Release|Any CPU
		{7D737005-560F-403D-BEAD-8EB25DCAD5BB}.Release|Any CPU.Build.0 = Release|Any CPU
	EndGlobalSection
	GlobalSection(SolutionProperties) = preSolution
		HideSolutionNode = FALSE
	EndGlobalSection
	GlobalSection(ExtensibilityGlobals) = postSolution
		SolutionGuid = {AC9A9D95-E1DB-4743-828B-C381BC602F37}
	EndGlobalSection
EndGlobal
